
Microsoft Visual Studio Solution File, Format Version 12.00
# Visual Studio Version 16
VisualStudioVersion = 16.0.30503.244
MinimumVisualStudioVersion = 10.0.40219.1
Project("{FAE04EC0-301F-11D3-BF4B-00C04F79EFBC}") = "Lab_6", "Lab_6\Lab_6.csproj", "{9E80C4EF-56CB-4022-B8F9-FF07B75320FC}"
EndProject
Global
	GlobalSection(SolutionConfigurationPlatforms) = preSolution
		Debug|Any CPU = Debug|Any CPU
		Release|Any CPU = Release|Any CPU
	EndGlobalSection
	GlobalSection(ProjectConfigurationPlatforms) = postSolution
		{9E80C4EF-56CB-4022-B8F9-FF07B75320FC}.Debug|Any CPU.ActiveCfg = Debug|Any CPU
		{9E80C4EF-56CB-4022-B8F9-FF07B75320FC}.Debug|Any CPU.Build.0 = Debug|Any CPU
		{9E80C4EF-56CB-4022-B8F9-FF07B75320FC}.Release|Any CPU.ActiveCfg = Release|Any CPU
		{9E80C4EF-56CB-4022-B8F9-FF07B75320FC}.Release|Any CPU.Build.0 = Release|Any CPU
	EndGlobalSection
	GlobalSection(SolutionProperties) = preSolution
		HideSolutionNode = FALSE
	EndGlobalSection
	GlobalSection(ExtensibilityGlobals) = postSolution
		SolutionGuid = {C099BC5A-0743-4715-95DC-D52DEDF7246F}
	EndGlobalSection
EndGlobal
